{
  "name": "my-portfolio",
  "version": "9.0.2",
  "lockfileVersion": 3,
  "requires": true,
  "packages": {
    "": {
      "name": "my-portfolio",
      "version": "9.0.2",
      "license": "Apache-2.0",
      "dependencies": {
        "@essential-component-toolbox/my-external-links": "^1.0.7"
      }
    },
    "node_modules/@essential-component-toolbox/my-external-links": {
      "version": "1.0.7",
      "resolved": "https://registry.npmjs.org/@essential-component-toolbox/my-external-links/-/my-external-links-1.0.7.tgz",
      "integrity": "sha512-OCJdvZ4GPzk+Xf9GRgwG7YeI42o8BE9PzQwNhRKeLwugFPS9kzkWZKKSlu3TPoOIKgBQZRkXXLDYbMyO76lyiA==",
      "dependencies": {
        "@haxtheweb/d-d-d": "^9.0.2",
        "lit": "^3.1.4"
      }
    },
    "node_modules/@haxtheweb/a11y-utils": {
      "version": "9.0.2",
      "resolved": "https://registry.npmjs.org/@haxtheweb/a11y-utils/-/a11y-utils-9.0.2.tgz",
      "integrity": "sha512-031fGPG+FZH45fTE7C+C45rn94jSv3f5vzjDqUFLDbAo5beK9X+qbyAjkFfTPxYhaZ7XtkX7mbcXy9CYsGwQGQ==",
      "dependencies": {
        "lit": "^3.1.4"
      }
    },
    "node_modules/@haxtheweb/d-d-d": {
      "version": "9.0.2",
      "resolved": "https://registry.npmjs.org/@haxtheweb/d-d-d/-/d-d-d-9.0.2.tgz",
      "integrity": "sha512-j8qIex59ytGrtnoVIf09budEK6fK2jxeQ/c2yd8rloxKagSdtOTvE6bpzw7EqcYa4KEKthgfbKiX9zrnA+cC1g==",
      "dependencies": {
        "@haxtheweb/hax-iconset": "^9.0.2",
        "@haxtheweb/simple-colors": "^9.0.2",
        "@haxtheweb/simple-icon": "^9.0.2",
        "lit": "^3.1.4"
      }
    },
    "node_modules/@haxtheweb/hax-iconset": {
      "version": "9.0.2",
      "resolved": "https://registry.npmjs.org/@haxtheweb/hax-iconset/-/hax-iconset-9.0.2.tgz",
      "integrity": "sha512-H0kWYaOiWDJGKsKmdt/H6nPPQEfr6UB7QzG5iAxuZlJhjZZh9RiYhkVymOqvNE5x/EktL5enwoRGfRsHXBEx8A==",
      "dependencies": {
        "@haxtheweb/simple-icon": "^9.0.2"
      }
    },
    "node_modules/@haxtheweb/simple-colors": {
      "version": "9.0.2",
      "resolved": "https://registry.npmjs.org/@haxtheweb/simple-colors/-/simple-colors-9.0.2.tgz",
      "integrity": "sha512-V9MOenlrrsQhTqSxR18Pc0u9B3O4MdxURghQaPa0Ylhfcyh6iUZUADW4uBb7MGVBD8OiafXtrY3I9UfajCotrg==",
      "dependencies": {
        "@haxtheweb/a11y-utils": "^9.0.2",
        "@haxtheweb/simple-colors-shared-styles": "^9.0.2",
        "lit": "^3.1.4"
      }
    },
    "node_modules/@haxtheweb/simple-colors-shared-styles": {
      "version": "9.0.2",
      "resolved": "https://registry.npmjs.org/@haxtheweb/simple-colors-shared-styles/-/simple-colors-shared-styles-9.0.2.tgz",
      "integrity": "sha512-ZKoIvB1RLErBYXgLZGrCBJbFin/dc2qASfjDnT0I0ooPG1Y4xTLvK45HwTmQh8YsrtkANA/l/bDF/y6RXZ5iUQ==",
      "dependencies": {
        "lit": "^3.1.4"
      }
    },
    "node_modules/@haxtheweb/simple-icon": {
      "version": "9.0.2",
      "resolved": "https://registry.npmjs.org/@haxtheweb/simple-icon/-/simple-icon-9.0.2.tgz",
      "integrity": "sha512-PklFiw6TEwpqZd6GYP/ObAvhxybvN4Cy6FSs5UnWRMdFjh2QIEEozrVKrf6c5Em+G55FoUqOuFN4EzXzwdcaVA==",
      "dependencies": {
        "@haxtheweb/simple-colors": "^9.0.2",
        "flag-icons": "6.6.4",
        "lit": "^3.1.4"
      }
    },
    "node_modules/@lit-labs/ssr-dom-shim": {
      "version": "1.2.0",
      "resolved": "https://registry.npmjs.org/@lit-labs/ssr-dom-shim/-/ssr-dom-shim-1.2.0.tgz",
      "integrity": "sha512-yWJKmpGE6lUURKAaIltoPIE/wrbY3TEkqQt+X0m+7fQNnAv0keydnYvbiJFP1PnMhizmIWRWOG5KLhYyc/xl+g=="
    },
    "node_modules/@lit/reactive-element": {
      "version": "2.0.4",
      "resolved": "https://registry.npmjs.org/@lit/reactive-element/-/reactive-element-2.0.4.tgz",
      "integrity": "sha512-GFn91inaUa2oHLak8awSIigYz0cU0Payr1rcFsrkf5OJ5eSPxElyZfKh0f2p9FsTiZWXQdWGJeXZICEfXXYSXQ==",
      "dependencies": {
        "@lit-labs/ssr-dom-shim": "^1.2.0"
      }
    },
    "node_modules/@types/trusted-types": {
      "version": "2.0.7",
      "resolved": "https://registry.npmjs.org/@types/trusted-types/-/trusted-types-2.0.7.tgz",
      "integrity": "sha512-ScaPdn1dQczgbl0QFTeTOmVHFULt394XJgOQNoyVhZ6r2vLnMLJfBPd53SB52T/3G36VI1/g2MZaX0cwDuXsfw=="
    },
    "node_modules/flag-icons": {
      "version": "6.6.4",
      "resolved": "https://registry.npmjs.org/flag-icons/-/flag-icons-6.6.4.tgz",
      "integrity": "sha512-hRRXKw3f5F2OCcDTOTXO0tc3ODqBx/ttA61V9mqy/hVbnFXzW+7tJMLQ+xd77+BXwdUzQAMLW2G4RZqqvaN3Mg=="
    },
    "node_modules/lit": {
      "version": "3.1.4",
      "resolved": "https://registry.npmjs.org/lit/-/lit-3.1.4.tgz",
      "integrity": "sha512-q6qKnKXHy2g1kjBaNfcoLlgbI3+aSOZ9Q4tiGa9bGYXq5RBXxkVTqTIVmP2VWMp29L4GyvCFm8ZQ2o56eUAMyA==",
      "dependencies": {
        "@lit/reactive-element": "^2.0.4",
        "lit-element": "^4.0.4",
        "lit-html": "^3.1.2"
      }
    },
    "node_modules/lit-element": {
      "version": "4.0.6",
      "resolved": "https://registry.npmjs.org/lit-element/-/lit-element-4.0.6.tgz",
      "integrity": "sha512-U4sdJ3CSQip7sLGZ/uJskO5hGiqtlpxndsLr6mt3IQIjheg93UKYeGQjWMRql1s/cXNOaRrCzC2FQwjIwSUqkg==",
      "dependencies": {
        "@lit-labs/ssr-dom-shim": "^1.2.0",
        "@lit/reactive-element": "^2.0.4",
        "lit-html": "^3.1.2"
      }
    },
    "node_modules/lit-html": {
      "version": "3.1.4",
      "resolved": "https://registry.npmjs.org/lit-html/-/lit-html-3.1.4.tgz",
      "integrity": "sha512-yKKO2uVv7zYFHlWMfZmqc+4hkmSbFp8jgjdZY9vvR9jr4J8fH6FUMXhr+ljfELgmjpvlF7Z1SJ5n5/Jeqtc9YA==",
      "dependencies": {
        "@types/trusted-types": "^2.0.2"
      }
    }
  }
}
